
Microsoft Visual Studio Solution File, Format Version 12.00
# Visual Studio Version 17
VisualStudioVersion = 17.1.32228.430
MinimumVisualStudioVersion = 10.0.40219.1
Project("{FAE04EC0-301F-11D3-BF4B-00C04F79EFBC}") = "WindowsFormsApp2", "WindowsFormsApp2\WindowsFormsApp2.csproj", "{5DA79AA0-1221-4AD9-9025-B45291E63111}"
EndProject
Project("{FAE04EC0-301F-11D3-BF4B-00C04F79EFBC}") = "WeekPlanner", "WeekPlanner\WeekPlanner.csproj", "{0AF500EB-6DEB-4F00-A96B-91C2B1B8A012}"
EndProject
Project("{FAE04EC0-301F-11D3-BF4B-00C04F79EFBC}") = "CalendarPlannerExample", "CalendarPlannerExample\CalendarPlannerExample.csproj", "{04FF91BC-C815-4D53-A18E-2E3B6BCA0267}"
EndProject
Global
	GlobalSection(SolutionConfigurationPlatforms) = preSolution
		Debug|Any CPU = Debug|Any CPU
		Release|Any CPU = Release|Any CPU
	EndGlobalSection
	GlobalSection(ProjectConfigurationPlatforms) = postSolution
		{5DA79AA0-1221-4AD9-9025-B45291E63111}.Debug|Any CPU.ActiveCfg = Debug|Any CPU
		{5DA79AA0-1221-4AD9-9025-B45291E63111}.Debug|Any CPU.Build.0 = Debug|Any CPU
		{5DA79AA0-1221-4AD9-9025-B45291E63111}.Release|Any CPU.ActiveCfg = Release|Any CPU
		{5DA79AA0-1221-4AD9-9025-B45291E63111}.Release|Any CPU.Build.0 = Release|Any CPU
		{0AF500EB-6DEB-4F00-A96B-91C2B1B8A012}.Debug|Any CPU.ActiveCfg = Debug|Any CPU
		{0AF500EB-6DEB-4F00-A96B-91C2B1B8A012}.Debug|Any CPU.Build.0 = Debug|Any CPU
		{0AF500EB-6DEB-4F00-A96B-91C2B1B8A012}.Release|Any CPU.ActiveCfg = Release|Any CPU
		{0AF500EB-6DEB-4F00-A96B-91C2B1B8A012}.Release|Any CPU.Build.0 = Release|Any CPU
		{04FF91BC-C815-4D53-A18E-2E3B6BCA0267}.Debug|Any CPU.ActiveCfg = Debug|Any CPU
		{04FF91BC-C815-4D53-A18E-2E3B6BCA0267}.Debug|Any CPU.Build.0 = Debug|Any CPU
		{04FF91BC-C815-4D53-A18E-2E3B6BCA0267}.Release|Any CPU.ActiveCfg = Release|Any CPU
		{04FF91BC-C815-4D53-A18E-2E3B6BCA0267}.Release|Any CPU.Build.0 = Release|Any CPU
	EndGlobalSection
	GlobalSection(SolutionProperties) = preSolution
		HideSolutionNode = FALSE
	EndGlobalSection
	GlobalSection(ExtensibilityGlobals) = postSolution
		SolutionGuid = {71B7B090-4D0A-4194-84F0-F0389F8564A9}
	EndGlobalSection
EndGlobal
